{
  "name": "attendance-reminder-functions",
  "lockfileVersion": 3,
  "requires": true,
  "packages": {
    "": {
      "name": "attendance-reminder-functions",
      "dependencies": {
        "firebase-admin": "^13.0.0",
        "firebase-functions": "^6.0.0"
      },
      "engines": {
        "node": "20"
      }
    }
  }
}
